// !$*UTF8*$!
{
	archiveVersion = 1;
	classes = {
	};
	objectVersion = 56;
	objects = {

/* Begin PBXBuildFile section */
		B430EAA028A7E9850002B884 /* AboutView.swift in Sources */ = {isa = PBXBuildFile; fileRef = B430EA9828A7E9850002B884 /* AboutView.swift */; };
		B430EAA128A7E9850002B884 /* PrivacyView.swift in Sources */ = {isa = PBXBuildFile; fileRef = B430EA9928A7E9850002B884 /* PrivacyView.swift */; };
		B430EAA228A7E9850002B884 /* PreferencesView.swift in Sources */ = {isa = PBXBuildFile; fileRef = B430EA9A28A7E9850002B884 /* PreferencesView.swift */; };
		B430EAA628A7E9860002B884 /* QuestionAnswerView.swift in Sources */ = {isa = PBXBuildFile; fileRef = B430EA9F28A7E9850002B884 /* QuestionAnswerView.swift */; };
		B431ECCA29EC8363005013FE /* AppBundleInfo.swift in Sources */ = {isa = PBXBuildFile; fileRef = B431ECC929EC8363005013FE /* AppBundleInfo.swift */; };
		B43AE57C29E31EF000671F9C /* PreferencesButton.swift in Sources */ = {isa = PBXBuildFile; fileRef = B43AE57B29E31EEF00671F9C /* PreferencesButton.swift */; };
		B43AE57F29E35CB400671F9C /* ChartView.swift in Sources */ = {isa = PBXBuildFile; fileRef = B43AE57E29E35CB400671F9C /* ChartView.swift */; };
		B43AE58129E35E5200671F9C /* ChartViewModel.swift in Sources */ = {isa = PBXBuildFile; fileRef = B43AE58029E35E5200671F9C /* ChartViewModel.swift */; };
		B45F2D5D28A98C0F0064D3C3 /* HadCRUT.5.0.1.0.analysis.summary_series.global.annual.csv in Resources */ = {isa = PBXBuildFile; fileRef = B45F2D5C28A98C0F0064D3C3 /* HadCRUT.5.0.1.0.analysis.summary_series.global.annual.csv */; };
		B45F2D6128A98D040064D3C3 /* HadCRUT.5.0.1.0.summary_series.global.annual_non_infilled.csv in Resources */ = {isa = PBXBuildFile; fileRef = B45F2D6028A98D040064D3C3 /* HadCRUT.5.0.1.0.summary_series.global.annual_non_infilled.csv */; };
		B45F2D6428A98DF90064D3C3 /* HadCRUT.5.0.1.0.analysis.component_series.global.annual.csv in Resources */ = {isa = PBXBuildFile; fileRef = B45F2D6228A98DF80064D3C3 /* HadCRUT.5.0.1.0.analysis.component_series.global.annual.csv */; };
		B45F2D6528A98DF90064D3C3 /* HadCRUT.5.0.1.0.analysis.ensemble_series.global.annual.csv in Resources */ = {isa = PBXBuildFile; fileRef = B45F2D6328A98DF90064D3C3 /* HadCRUT.5.0.1.0.analysis.ensemble_series.global.annual.csv */; };
		B4B4EA3A28BE98C100CEBDF0 /* CommonExtensions.swift in Sources */ = {isa = PBXBuildFile; fileRef = B4B4EA3928BE98C100CEBDF0 /* CommonExtensions.swift */; };
		B4B81A832861E5A500F9E2EC /* WarmingStripesApp.swift in Sources */ = {isa = PBXBuildFile; fileRef = B4B81A822861E5A500F9E2EC /* WarmingStripesApp.swift */; };
		B4B81A852861E5A500F9E2EC /* ContentView.swift in Sources */ = {isa = PBXBuildFile; fileRef = B4B81A842861E5A500F9E2EC /* ContentView.swift */; };
		B4B81A872861E5A700F9E2EC /* Assets.xcassets in Resources */ = {isa = PBXBuildFile; fileRef = B4B81A862861E5A700F9E2EC /* Assets.xcassets */; };
		B4B81A8A2861E5A700F9E2EC /* Preview Assets.xcassets in Resources */ = {isa = PBXBuildFile; fileRef = B4B81A892861E5A700F9E2EC /* Preview Assets.xcassets */; };
		B4B81A912861E73600F9E2EC /* HadCRUT.5.0.1.0.summary_series.global.annualOLD.csv in Resources */ = {isa = PBXBuildFile; fileRef = B4B81A902861E73600F9E2EC /* HadCRUT.5.0.1.0.summary_series.global.annualOLD.csv */; };
		B4C25B362863341700EE54FC /* Model.swift in Sources */ = {isa = PBXBuildFile; fileRef = B4C25B352863341700EE54FC /* Model.swift */; };
		B4D7F0DD28A7ED5300EF645E /* HapticsProtocol.swift in Sources */ = {isa = PBXBuildFile; fileRef = B4D7F0DC28A7ED5300EF645E /* HapticsProtocol.swift */; };
		B4E7FE1928A7E7390032159E /* Modifiers.swift in Sources */ = {isa = PBXBuildFile; fileRef = B4E7FE1828A7E7390032159E /* Modifiers.swift */; };
/* End PBXBuildFile section */

/* Begin PBXFileReference section */
		B430EA9828A7E9850002B884 /* AboutView.swift */ = {isa = PBXFileReference; fileEncoding = 4; lastKnownFileType = sourcecode.swift; path = AboutView.swift; sourceTree = "<group>"; };
		B430EA9928A7E9850002B884 /* PrivacyView.swift */ = {isa = PBXFileReference; fileEncoding = 4; lastKnownFileType = sourcecode.swift; path = PrivacyView.swift; sourceTree = "<group>"; };
		B430EA9A28A7E9850002B884 /* PreferencesView.swift */ = {isa = PBXFileReference; fileEncoding = 4; lastKnownFileType = sourcecode.swift; path = PreferencesView.swift; sourceTree = "<group>"; };
		B430EA9F28A7E9850002B884 /* QuestionAnswerView.swift */ = {isa = PBXFileReference; fileEncoding = 4; lastKnownFileType = sourcecode.swift; path = QuestionAnswerView.swift; sourceTree = "<group>"; };
		B431ECC929EC8363005013FE /* AppBundleInfo.swift */ = {isa = PBXFileReference; lastKnownFileType = sourcecode.swift; path = AppBundleInfo.swift; sourceTree = "<group>"; };
		B43AE57B29E31EEF00671F9C /* PreferencesButton.swift */ = {isa = PBXFileReference; lastKnownFileType = sourcecode.swift; path = PreferencesButton.swift; sourceTree = "<group>"; };
		B43AE57E29E35CB400671F9C /* ChartView.swift */ = {isa = PBXFileReference; lastKnownFileType = sourcecode.swift; path = ChartView.swift; sourceTree = "<group>"; };
		B43AE58029E35E5200671F9C /* ChartViewModel.swift */ = {isa = PBXFileReference; lastKnownFileType = sourcecode.swift; path = ChartViewModel.swift; sourceTree = "<group>"; };
		B45F2D5C28A98C0F0064D3C3 /* HadCRUT.5.0.1.0.analysis.summary_series.global.annual.csv */ = {isa = PBXFileReference; fileEncoding = 4; lastKnownFileType = text; path = HadCRUT.5.0.1.0.analysis.summary_series.global.annual.csv; sourceTree = "<group>"; };
		B45F2D6028A98D040064D3C3 /* HadCRUT.5.0.1.0.summary_series.global.annual_non_infilled.csv */ = {isa = PBXFileReference; fileEncoding = 4; lastKnownFileType = text; path = HadCRUT.5.0.1.0.summary_series.global.annual_non_infilled.csv; sourceTree = "<group>"; };
		B45F2D6228A98DF80064D3C3 /* HadCRUT.5.0.1.0.analysis.component_series.global.annual.csv */ = {isa = PBXFileReference; fileEncoding = 4; lastKnownFileType = text; path = HadCRUT.5.0.1.0.analysis.component_series.global.annual.csv; sourceTree = "<group>"; };
		B45F2D6328A98DF90064D3C3 /* HadCRUT.5.0.1.0.analysis.ensemble_series.global.annual.csv */ = {isa = PBXFileReference; fileEncoding = 4; lastKnownFileType = text; path = HadCRUT.5.0.1.0.analysis.ensemble_series.global.annual.csv; sourceTree = "<group>"; };
		B47B97B9296B058E00740A8F /* Info.plist */ = {isa = PBXFileReference; lastKnownFileType = text.plist; path = Info.plist; sourceTree = "<group>"; };
		B4B4EA3928BE98C100CEBDF0 /* CommonExtensions.swift */ = {isa = PBXFileReference; lastKnownFileType = sourcecode.swift; path = CommonExtensions.swift; sourceTree = "<group>"; };
		B4B81A7F2861E5A500F9E2EC /* WarmingStripes.app */ = {isa = PBXFileReference; explicitFileType = wrapper.application; includeInIndex = 0; path = WarmingStripes.app; sourceTree = BUILT_PRODUCTS_DIR; };
		B4B81A822861E5A500F9E2EC /* WarmingStripesApp.swift */ = {isa = PBXFileReference; lastKnownFileType = sourcecode.swift; path = WarmingStripesApp.swift; sourceTree = "<group>"; };
		B4B81A842861E5A500F9E2EC /* ContentView.swift */ = {isa = PBXFileReference; lastKnownFileType = sourcecode.swift; path = ContentView.swift; sourceTree = "<group>"; };
		B4B81A862861E5A700F9E2EC /* Assets.xcassets */ = {isa = PBXFileReference; lastKnownFileType = folder.assetcatalog; path = Assets.xcassets; sourceTree = "<group>"; };
		B4B81A892861E5A700F9E2EC /* Preview Assets.xcassets */ = {isa = PBXFileReference; lastKnownFileType = folder.assetcatalog; path = "Preview Assets.xcassets"; sourceTree = "<group>"; };
		B4B81A902861E73600F9E2EC /* HadCRUT.5.0.1.0.summary_series.global.annualOLD.csv */ = {isa = PBXFileReference; fileEncoding = 4; lastKnownFileType = text; path = HadCRUT.5.0.1.0.summary_series.global.annualOLD.csv; sourceTree = "<group>"; };
		B4C25B352863341700EE54FC /* Model.swift */ = {isa = PBXFileReference; lastKnownFileType = sourcecode.swift; path = Model.swift; sourceTree = "<group>"; };
		B4D7F0DC28A7ED5300EF645E /* HapticsProtocol.swift */ = {isa = PBXFileReference; fileEncoding = 4; lastKnownFileType = sourcecode.swift; path = HapticsProtocol.swift; sourceTree = "<group>"; };
		B4E7FE1828A7E7390032159E /* Modifiers.swift */ = {isa = PBXFileReference; lastKnownFileType = sourcecode.swift; path = Modifiers.swift; sourceTree = "<group>"; };
/* End PBXFileReference section */

/* Begin PBXFrameworksBuildPhase section */
		B4B81A7C2861E5A500F9E2EC /* Frameworks */ = {
			isa = PBXFrameworksBuildPhase;
			buildActionMask = 2147483647;
			files = (
			);
			runOnlyForDeploymentPostprocessing = 0;
		};
/* End PBXFrameworksBuildPhase section */

/* Begin PBXGroup section */
		B430EA9728A7E9850002B884 /* Preferences */ = {
			isa = PBXGroup;
			children = (
				B430EA9828A7E9850002B884 /* AboutView.swift */,
				B430EA9928A7E9850002B884 /* PrivacyView.swift */,
				B430EA9A28A7E9850002B884 /* PreferencesView.swift */,
				B430EA9F28A7E9850002B884 /* QuestionAnswerView.swift */,
			);
			path = Preferences;
			sourceTree = "<group>";
		};
		B43AE57D29E31EFF00671F9C /* Views */ = {
			isa = PBXGroup;
			children = (
				B43AE57B29E31EEF00671F9C /* PreferencesButton.swift */,
				B43AE57E29E35CB400671F9C /* ChartView.swift */,
				B43AE58029E35E5200671F9C /* ChartViewModel.swift */,
			);
			path = Views;
			sourceTree = "<group>";
		};
		B4B81A762861E5A500F9E2EC = {
			isa = PBXGroup;
			children = (
				B4B81A812861E5A500F9E2EC /* WarmingStripes */,
				B4B81A802861E5A500F9E2EC /* Products */,
			);
			sourceTree = "<group>";
		};
		B4B81A802861E5A500F9E2EC /* Products */ = {
			isa = PBXGroup;
			children = (
				B4B81A7F2861E5A500F9E2EC /* WarmingStripes.app */,
			);
			name = Products;
			sourceTree = "<group>";
		};
		B4B81A812861E5A500F9E2EC /* WarmingStripes */ = {
			isa = PBXGroup;
			children = (
				B47B97B9296B058E00740A8F /* Info.plist */,
				B4B81A822861E5A500F9E2EC /* WarmingStripesApp.swift */,
				B4C1BD8528BA9F4900A4366E /* helpers */,
				B4B81A842861E5A500F9E2EC /* ContentView.swift */,
				B430EA9728A7E9850002B884 /* Preferences */,
				B4C25B342863340700EE54FC /* model */,
				B4B81A902861E73600F9E2EC /* HadCRUT.5.0.1.0.summary_series.global.annualOLD.csv */,
				B45F2D6028A98D040064D3C3 /* HadCRUT.5.0.1.0.summary_series.global.annual_non_infilled.csv */,
				B45F2D6228A98DF80064D3C3 /* HadCRUT.5.0.1.0.analysis.component_series.global.annual.csv */,
				B45F2D6328A98DF90064D3C3 /* HadCRUT.5.0.1.0.analysis.ensemble_series.global.annual.csv */,
				B45F2D5C28A98C0F0064D3C3 /* HadCRUT.5.0.1.0.analysis.summary_series.global.annual.csv */,
				B4B81A862861E5A700F9E2EC /* Assets.xcassets */,
				B4B81A882861E5A700F9E2EC /* Preview Content */,
				B43AE57D29E31EFF00671F9C /* Views */,
			);
			path = WarmingStripes;
			sourceTree = "<group>";
		};
		B4B81A882861E5A700F9E2EC /* Preview Content */ = {
			isa = PBXGroup;
			children = (
				B4B81A892861E5A700F9E2EC /* Preview Assets.xcassets */,
			);
			path = "Preview Content";
			sourceTree = "<group>";
		};
		B4C1BD8528BA9F4900A4366E /* helpers */ = {
			isa = PBXGroup;
			children = (
				B4D7F0DC28A7ED5300EF645E /* HapticsProtocol.swift */,
				B4E7FE1828A7E7390032159E /* Modifiers.swift */,
				B4B4EA3928BE98C100CEBDF0 /* CommonExtensions.swift */,
				B431ECC929EC8363005013FE /* AppBundleInfo.swift */,
			);
			path = helpers;
			sourceTree = "<group>";
		};
		B4C25B342863340700EE54FC /* model */ = {
			isa = PBXGroup;
			children = (
				B4C25B352863341700EE54FC /* Model.swift */,
			);
			path = model;
			sourceTree = "<group>";
		};
/* End PBXGroup section */

/* Begin PBXNativeTarget section */
		B4B81A7E2861E5A500F9E2EC /* WarmingStripes */ = {
			isa = PBXNativeTarget;
			buildConfigurationList = B4B81A8D2861E5A700F9E2EC /* Build configuration list for PBXNativeTarget "WarmingStripes" */;
			buildPhases = (
				B4B81A7B2861E5A500F9E2EC /* Sources */,
				B4B81A7C2861E5A500F9E2EC /* Frameworks */,
				B4B81A7D2861E5A500F9E2EC /* Resources */,
				B47B97B8296AFCBE00740A8F /* ShellScript */,
			);
			buildRules = (
			);
			dependencies = (
			);
			name = WarmingStripes;
			productName = WarmingStripes;
			productReference = B4B81A7F2861E5A500F9E2EC /* WarmingStripes.app */;
			productType = "com.apple.product-type.application";
		};
/* End PBXNativeTarget section */

/* Begin PBXProject section */
		B4B81A772861E5A500F9E2EC /* Project object */ = {
			isa = PBXProject;
			attributes = {
				BuildIndependentTargetsInParallel = 1;
				LastSwiftUpdateCheck = 1400;
				LastUpgradeCheck = 1400;
				TargetAttributes = {
					B4B81A7E2861E5A500F9E2EC = {
						CreatedOnToolsVersion = 14.0;
					};
				};
			};
			buildConfigurationList = B4B81A7A2861E5A500F9E2EC /* Build configuration list for PBXProject "WarmingStripes" */;
			compatibilityVersion = "Xcode 14.0";
			developmentRegion = en;
			hasScannedForEncodings = 0;
			knownRegions = (
				en,
				Base,
			);
			mainGroup = B4B81A762861E5A500F9E2EC;
			productRefGroup = B4B81A802861E5A500F9E2EC /* Products */;
			projectDirPath = "";
			projectRoot = "";
			targets = (
				B4B81A7E2861E5A500F9E2EC /* WarmingStripes */,
			);
		};
/* End PBXProject section */

/* Begin PBXResourcesBuildPhase section */
		B4B81A7D2861E5A500F9E2EC /* Resources */ = {
			isa = PBXResourcesBuildPhase;
			buildActionMask = 2147483647;
			files = (
				B45F2D5D28A98C0F0064D3C3 /* HadCRUT.5.0.1.0.analysis.summary_series.global.annual.csv in Resources */,
				B4B81A912861E73600F9E2EC /* HadCRUT.5.0.1.0.summary_series.global.annualOLD.csv in Resources */,
				B45F2D6128A98D040064D3C3 /* HadCRUT.5.0.1.0.summary_series.global.annual_non_infilled.csv in Resources */,
				B45F2D6428A98DF90064D3C3 /* HadCRUT.5.0.1.0.analysis.component_series.global.annual.csv in Resources */,
				B4B81A8A2861E5A700F9E2EC /* Preview Assets.xcassets in Resources */,
				B4B81A872861E5A700F9E2EC /* Assets.xcassets in Resources */,
				B45F2D6528A98DF90064D3C3 /* HadCRUT.5.0.1.0.analysis.ensemble_series.global.annual.csv in Resources */,
			);
			runOnlyForDeploymentPostprocessing = 0;
		};
/* End PBXResourcesBuildPhase section */

/* Begin PBXShellScriptBuildPhase section */
		B47B97B8296AFCBE00740A8F /* ShellScript */ = {
			isa = PBXShellScriptBuildPhase;
			buildActionMask = 2147483647;
			files = (
			);
			inputFileListPaths = (
			);
			inputPaths = (
			);
			outputFileListPaths = (
			);
			outputPaths = (
			);
			runOnlyForDeploymentPostprocessing = 0;
			shellPath = /bin/sh;
			shellScript = "export PATH=\"$PATH:/opt/homebrew/bin\"\nif which swiftlint > /dev/null; then\n  swiftlint\nelse\n  echo \"warning: SwiftLint not installed, download from https://github.com/realm/SwiftLint\"\nfi\n\n";
		};
/* End PBXShellScriptBuildPhase section */

/* Begin PBXSourcesBuildPhase section */
		B4B81A7B2861E5A500F9E2EC /* Sources */ = {
			isa = PBXSourcesBuildPhase;
			buildActionMask = 2147483647;
			files = (
				B4C25B362863341700EE54FC /* Model.swift in Sources */,
				B430EAA628A7E9860002B884 /* QuestionAnswerView.swift in Sources */,
				B4B81A852861E5A500F9E2EC /* ContentView.swift in Sources */,
				B4B81A832861E5A500F9E2EC /* WarmingStripesApp.swift in Sources */,
				B430EAA028A7E9850002B884 /* AboutView.swift in Sources */,
				B431ECCA29EC8363005013FE /* AppBundleInfo.swift in Sources */,
				B43AE57C29E31EF000671F9C /* PreferencesButton.swift in Sources */,
				B430EAA228A7E9850002B884 /* PreferencesView.swift in Sources */,
				B4D7F0DD28A7ED5300EF645E /* HapticsProtocol.swift in Sources */,
				B430EAA128A7E9850002B884 /* PrivacyView.swift in Sources */,
				B4E7FE1928A7E7390032159E /* Modifiers.swift in Sources */,
				B4B4EA3A28BE98C100CEBDF0 /* CommonExtensions.swift in Sources */,
				B43AE57F29E35CB400671F9C /* ChartView.swift in Sources */,
				B43AE58129E35E5200671F9C /* ChartViewModel.swift in Sources */,
			);
			runOnlyForDeploymentPostprocessing = 0;
		};
/* End PBXSourcesBuildPhase section */

/* Begin XCBuildConfiguration section */
		B4B81A8B2861E5A700F9E2EC /* Debug */ = {
			isa = XCBuildConfiguration;
			buildSettings = {
				ALWAYS_SEARCH_USER_PATHS = NO;
				CLANG_ANALYZER_NONNULL = YES;
				CLANG_ANALYZER_NUMBER_OBJECT_CONVERSION = YES_AGGRESSIVE;
				CLANG_CXX_LANGUAGE_STANDARD = "gnu++17";
				CLANG_ENABLE_MODULES = YES;
				CLANG_ENABLE_OBJC_ARC = YES;
				CLANG_ENABLE_OBJC_WEAK = YES;
				CLANG_WARN_BLOCK_CAPTURE_AUTORELEASING = YES;
				CLANG_WARN_BOOL_CONVERSION = YES;
				CLANG_WARN_COMMA = YES;
				CLANG_WARN_CONSTANT_CONVERSION = YES;
				CLANG_WARN_DEPRECATED_OBJC_IMPLEMENTATIONS = YES;
				CLANG_WARN_DIRECT_OBJC_ISA_USAGE = YES_ERROR;
				CLANG_WARN_DOCUMENTATION_COMMENTS = YES;
				CLANG_WARN_EMPTY_BODY = YES;
				CLANG_WARN_ENUM_CONVERSION = YES;
				CLANG_WARN_INFINITE_RECURSION = YES;
				CLANG_WARN_INT_CONVERSION = YES;
				CLANG_WARN_NON_LITERAL_NULL_CONVERSION = YES;
				CLANG_WARN_OBJC_IMPLICIT_RETAIN_SELF = YES;
				CLANG_WARN_OBJC_LITERAL_CONVERSION = YES;
				CLANG_WARN_OBJC_ROOT_CLASS = YES_ERROR;
				CLANG_WARN_QUOTED_INCLUDE_IN_FRAMEWORK_HEADER = YES;
				CLANG_WARN_RANGE_LOOP_ANALYSIS = YES;
				CLANG_WARN_STRICT_PROTOTYPES = YES;
				CLANG_WARN_SUSPICIOUS_MOVE = YES;
				CLANG_WARN_UNGUARDED_AVAILABILITY = YES_AGGRESSIVE;
				CLANG_WARN_UNREACHABLE_CODE = YES;
				CLANG_WARN__DUPLICATE_METHOD_MATCH = YES;
				COPY_PHASE_STRIP = NO;
				DEBUG_INFORMATION_FORMAT = dwarf;
				ENABLE_STRICT_OBJC_MSGSEND = YES;
				ENABLE_TESTABILITY = YES;
				GCC_C_LANGUAGE_STANDARD = gnu11;
				GCC_DYNAMIC_NO_PIC = NO;
				GCC_NO_COMMON_BLOCKS = YES;
				GCC_OPTIMIZATION_LEVEL = 0;
				GCC_PREPROCESSOR_DEFINITIONS = (
					"DEBUG=1",
					"$(inherited)",
				);
				GCC_WARN_64_TO_32_BIT_CONVERSION = YES;
				GCC_WARN_ABOUT_RETURN_TYPE = YES_ERROR;
				GCC_WARN_UNDECLARED_SELECTOR = YES;
				GCC_WARN_UNINITIALIZED_AUTOS = YES_AGGRESSIVE;
				GCC_WARN_UNUSED_FUNCTION = YES;
				GCC_WARN_UNUSED_VARIABLE = YES;
				IPHONEOS_DEPLOYMENT_TARGET = 16.0;
				MTL_ENABLE_DEBUG_INFO = INCLUDE_SOURCE;
				MTL_FAST_MATH = YES;
				ONLY_ACTIVE_ARCH = YES;
				SDKROOT = iphoneos;
				SWIFT_ACTIVE_COMPILATION_CONDITIONS = DEBUG;
				SWIFT_OPTIMIZATION_LEVEL = "-Onone";
			};
			name = Debug;
		};
		B4B81A8C2861E5A700F9E2EC /* Release */ = {
			isa = XCBuildConfiguration;
			buildSettings = {
				ALWAYS_SEARCH_USER_PATHS = NO;
				CLANG_ANALYZER_NONNULL = YES;
				CLANG_ANALYZER_NUMBER_OBJECT_CONVERSION = YES_AGGRESSIVE;
				CLANG_CXX_LANGUAGE_STANDARD = "gnu++17";
				CLANG_ENABLE_MODULES = YES;
				CLANG_ENABLE_OBJC_ARC = YES;
				CLANG_ENABLE_OBJC_WEAK = YES;
				CLANG_WARN_BLOCK_CAPTURE_AUTORELEASING = YES;
				CLANG_WARN_BOOL_CONVERSION = YES;
				CLANG_WARN_COMMA = YES;
				CLANG_WARN_CONSTANT_CONVERSION = YES;
				CLANG_WARN_DEPRECATED_OBJC_IMPLEMENTATIONS = YES;
				CLANG_WARN_DIRECT_OBJC_ISA_USAGE = YES_ERROR;
				CLANG_WARN_DOCUMENTATION_COMMENTS = YES;
				CLANG_WARN_EMPTY_BODY = YES;
				CLANG_WARN_ENUM_CONVERSION = YES;
				CLANG_WARN_INFINITE_RECURSION = YES;
				CLANG_WARN_INT_CONVERSION = YES;
				CLANG_WARN_NON_LITERAL_NULL_CONVERSION = YES;
				CLANG_WARN_OBJC_IMPLICIT_RETAIN_SELF = YES;
				CLANG_WARN_OBJC_LITERAL_CONVERSION = YES;
				CLANG_WARN_OBJC_ROOT_CLASS = YES_ERROR;
				CLANG_WARN_QUOTED_INCLUDE_IN_FRAMEWORK_HEADER = YES;
				CLANG_WARN_RANGE_LOOP_ANALYSIS = YES;
				CLANG_WARN_STRICT_PROTOTYPES = YES;
				CLANG_WARN_SUSPICIOUS_MOVE = YES;
				CLANG_WARN_UNGUARDED_AVAILABILITY = YES_AGGRESSIVE;
				CLANG_WARN_UNREACHABLE_CODE = YES;
				CLANG_WARN__DUPLICATE_METHOD_MATCH = YES;
				COPY_PHASE_STRIP = NO;
				DEBUG_INFORMATION_FORMAT = "dwarf-with-dsym";
				ENABLE_NS_ASSERTIONS = NO;
				ENABLE_STRICT_OBJC_MSGSEND = YES;
				GCC_C_LANGUAGE_STANDARD = gnu11;
				GCC_NO_COMMON_BLOCKS = YES;
				GCC_WARN_64_TO_32_BIT_CONVERSION = YES;
				GCC_WARN_ABOUT_RETURN_TYPE = YES_ERROR;
				GCC_WARN_UNDECLARED_SELECTOR = YES;
				GCC_WARN_UNINITIALIZED_AUTOS = YES_AGGRESSIVE;
				GCC_WARN_UNUSED_FUNCTION = YES;
				GCC_WARN_UNUSED_VARIABLE = YES;
				IPHONEOS_DEPLOYMENT_TARGET = 16.0;
				MTL_ENABLE_DEBUG_INFO = NO;
				MTL_FAST_MATH = YES;
				SDKROOT = iphoneos;
				SWIFT_COMPILATION_MODE = wholemodule;
				SWIFT_OPTIMIZATION_LEVEL = "-O";
				VALIDATE_PRODUCT = YES;
			};
			name = Release;
		};
		B4B81A8E2861E5A700F9E2EC /* Debug */ = {
			isa = XCBuildConfiguration;
			buildSettings = {
				ASSETCATALOG_COMPILER_APPICON_NAME = AppIcon;
				ASSETCATALOG_COMPILER_GLOBAL_ACCENT_COLOR_NAME = AccentColor;
				CODE_SIGN_STYLE = Automatic;
				CURRENT_PROJECT_VERSION = 1;
				DEVELOPMENT_ASSET_PATHS = "\"WarmingStripes/Preview Content\"";
				DEVELOPMENT_TEAM = PZK764WV5H;
				ENABLE_PREVIEWS = YES;
				GENERATE_INFOPLIST_FILE = YES;
				INFOPLIST_FILE = WarmingStripes/Info.plist;
				INFOPLIST_KEY_CFBundleDisplayName = "Climate Warming Stripes";
				INFOPLIST_KEY_LSApplicationCategoryType = "public.app-category.weather";
				INFOPLIST_KEY_UIApplicationSceneManifest_Generation = YES;
				INFOPLIST_KEY_UIApplicationSupportsIndirectInputEvents = YES;
				INFOPLIST_KEY_UILaunchScreen_Generation = YES;
				INFOPLIST_KEY_UISupportedInterfaceOrientations_iPad = "UIInterfaceOrientationPortrait UIInterfaceOrientationPortraitUpsideDown UIInterfaceOrientationLandscapeLeft UIInterfaceOrientationLandscapeRight";
				INFOPLIST_KEY_UISupportedInterfaceOrientations_iPhone = "UIInterfaceOrientationPortrait UIInterfaceOrientationLandscapeLeft UIInterfaceOrientationLandscapeRight";
				LD_RUNPATH_SEARCH_PATHS = (
					"$(inherited)",
					"@executable_path/Frameworks",
				);
				MARKETING_VERSION = 1.0;
				PRODUCT_BUNDLE_IDENTIFIER = com.forestandthetrees.WarmingStripes;
				PRODUCT_NAME = "$(TARGET_NAME)";
				SWIFT_EMIT_LOC_STRINGS = YES;
				SWIFT_VERSION = 5.0;
				TARGETED_DEVICE_FAMILY = "1,2";
			};
			name = Debug;
		};
		B4B81A8F2861E5A700F9E2EC /* Release */ = {
			isa = XCBuildConfiguration;
			buildSettings = {
				ASSETCATALOG_COMPILER_APPICON_NAME = AppIcon;
				ASSETCATALOG_COMPILER_GLOBAL_ACCENT_COLOR_NAME = AccentColor;
				CODE_SIGN_STYLE = Automatic;
				CURRENT_PROJECT_VERSION = 1;
				DEVELOPMENT_ASSET_PATHS = "\"WarmingStripes/Preview Content\"";
				DEVELOPMENT_TEAM = PZK764WV5H;
				ENABLE_PREVIEWS = YES;
				GENERATE_INFOPLIST_FILE = YES;
				INFOPLIST_FILE = WarmingStripes/Info.plist;
				INFOPLIST_KEY_CFBundleDisplayName = "Climate Warming Stripes";
				INFOPLIST_KEY_LSApplicationCategoryType = "public.app-category.weather";
				INFOPLIST_KEY_UIApplicationSceneManifest_Generation = YES;
				INFOPLIST_KEY_UIApplicationSupportsIndirectInputEvents = YES;
				INFOPLIST_KEY_UILaunchScreen_Generation = YES;
				INFOPLIST_KEY_UISupportedInterfaceOrientations_iPad = "UIInterfaceOrientationPortrait UIInterfaceOrientationPortraitUpsideDown UIInterfaceOrientationLandscapeLeft UIInterfaceOrientationLandscapeRight";
				INFOPLIST_KEY_UISupportedInterfaceOrientations_iPhone = "UIInterfaceOrientationPortrait UIInterfaceOrientationLandscapeLeft UIInterfaceOrientationLandscapeRight";
				LD_RUNPATH_SEARCH_PATHS = (
					"$(inherited)",
					"@executable_path/Frameworks",
				);
				MARKETING_VERSION = 1.0;
				PRODUCT_BUNDLE_IDENTIFIER = com.forestandthetrees.WarmingStripes;
				PRODUCT_NAME = "$(TARGET_NAME)";
				SWIFT_EMIT_LOC_STRINGS = YES;
				SWIFT_VERSION = 5.0;
				TARGETED_DEVICE_FAMILY = "1,2";
			};
			name = Release;
		};
/* End XCBuildConfiguration section */

/* Begin XCConfigurationList section */
		B4B81A7A2861E5A500F9E2EC /* Build configuration list for PBXProject "WarmingStripes" */ = {
			isa = XCConfigurationList;
			buildConfigurations = (
				B4B81A8B2861E5A700F9E2EC /* Debug */,
				B4B81A8C2861E5A700F9E2EC /* Release */,
			);
			defaultConfigurationIsVisible = 0;
			defaultConfigurationName = Release;
		};
		B4B81A8D2861E5A700F9E2EC /* Build configuration list for PBXNativeTarget "WarmingStripes" */ = {
			isa = XCConfigurationList;
			buildConfigurations = (
				B4B81A8E2861E5A700F9E2EC /* Debug */,
				B4B81A8F2861E5A700F9E2EC /* Release */,
			);
			defaultConfigurationIsVisible = 0;
			defaultConfigurationName = Release;
		};
/* End XCConfigurationList section */
	};
	rootObject = B4B81A772861E5A500F9E2EC /* Project object */;
}
